// !$*UTF8*$!
{
	archiveVersion = 1;
	classes = {
	};
	objectVersion = 56;
	objects = {

/* Begin PBXBuildFile section */
		ED8824AD2A91457100F3F2B4 /* SocketTestApp.swift in Sources */ = {isa = PBXBuildFile; fileRef = ED8824AC2A91457100F3F2B4 /* SocketTestApp.swift */; };
		ED8824AF2A91457100F3F2B4 /* ContentView.swift in Sources */ = {isa = PBXBuildFile; fileRef = ED8824AE2A91457100F3F2B4 /* ContentView.swift */; };
		ED8824B12A91457200F3F2B4 /* Assets.xcassets in Resources */ = {isa = PBXBuildFile; fileRef = ED8824B02A91457200F3F2B4 /* Assets.xcassets */; };
		ED8824B52A91457200F3F2B4 /* Preview Assets.xcassets in Resources */ = {isa = PBXBuildFile; fileRef = ED8824B42A91457200F3F2B4 /* Preview Assets.xcassets */; };
		ED8824BF2A91457200F3F2B4 /* SocketTestTests.swift in Sources */ = {isa = PBXBuildFile; fileRef = ED8824BE2A91457200F3F2B4 /* SocketTestTests.swift */; };
		ED8824C92A91457200F3F2B4 /* SocketTestUITests.swift in Sources */ = {isa = PBXBuildFile; fileRef = ED8824C82A91457200F3F2B4 /* SocketTestUITests.swift */; };
		ED8824CB2A91457200F3F2B4 /* SocketTestUITestsLaunchTests.swift in Sources */ = {isa = PBXBuildFile; fileRef = ED8824CA2A91457200F3F2B4 /* SocketTestUITestsLaunchTests.swift */; };
		ED8824F42A9156D100F3F2B4 /* SocketIO in Frameworks */ = {isa = PBXBuildFile; productRef = ED8824F32A9156D100F3F2B4 /* SocketIO */; };
/* End PBXBuildFile section */

/* Begin PBXContainerItemProxy section */
		ED8824BB2A91457200F3F2B4 /* PBXContainerItemProxy */ = {
			isa = PBXContainerItemProxy;
			containerPortal = ED8824A12A91457100F3F2B4 /* Project object */;
			proxyType = 1;
			remoteGlobalIDString = ED8824A82A91457100F3F2B4;
			remoteInfo = SocketTest;
		};
		ED8824C52A91457200F3F2B4 /* PBXContainerItemProxy */ = {
			isa = PBXContainerItemProxy;
			containerPortal = ED8824A12A91457100F3F2B4 /* Project object */;
			proxyType = 1;
			remoteGlobalIDString = ED8824A82A91457100F3F2B4;
			remoteInfo = SocketTest;
		};
/* End PBXContainerItemProxy section */

/* Begin PBXFileReference section */
		ED8824A92A91457100F3F2B4 /* SocketTest.app */ = {isa = PBXFileReference; explicitFileType = wrapper.application; includeInIndex = 0; path = SocketTest.app; sourceTree = BUILT_PRODUCTS_DIR; };
		ED8824AC2A91457100F3F2B4 /* SocketTestApp.swift */ = {isa = PBXFileReference; lastKnownFileType = sourcecode.swift; path = SocketTestApp.swift; sourceTree = "<group>"; };
		ED8824AE2A91457100F3F2B4 /* ContentView.swift */ = {isa = PBXFileReference; lastKnownFileType = sourcecode.swift; path = ContentView.swift; sourceTree = "<group>"; };
		ED8824B02A91457200F3F2B4 /* Assets.xcassets */ = {isa = PBXFileReference; lastKnownFileType = folder.assetcatalog; path = Assets.xcassets; sourceTree = "<group>"; };
		ED8824B22A91457200F3F2B4 /* SocketTest.entitlements */ = {isa = PBXFileReference; lastKnownFileType = text.plist.entitlements; path = SocketTest.entitlements; sourceTree = "<group>"; };
		ED8824B42A91457200F3F2B4 /* Preview Assets.xcassets */ = {isa = PBXFileReference; lastKnownFileType = folder.assetcatalog; path = "Preview Assets.xcassets"; sourceTree = "<group>"; };
		ED8824BA2A91457200F3F2B4 /* SocketTestTests.xctest */ = {isa = PBXFileReference; explicitFileType = wrapper.cfbundle; includeInIndex = 0; path = SocketTestTests.xctest; sourceTree = BUILT_PRODUCTS_DIR; };
		ED8824BE2A91457200F3F2B4 /* SocketTestTests.swift */ = {isa = PBXFileReference; lastKnownFileType = sourcecode.swift; path = SocketTestTests.swift; sourceTree = "<group>"; };
		ED8824C42A91457200F3F2B4 /* SocketTestUITests.xctest */ = {isa = PBXFileReference; explicitFileType = wrapper.cfbundle; includeInIndex = 0; path = SocketTestUITests.xctest; sourceTree = BUILT_PRODUCTS_DIR; };
		ED8824C82A91457200F3F2B4 /* SocketTestUITests.swift */ = {isa = PBXFileReference; lastKnownFileType = sourcecode.swift; path = SocketTestUITests.swift; sourceTree = "<group>"; };
		ED8824CA2A91457200F3F2B4 /* SocketTestUITestsLaunchTests.swift */ = {isa = PBXFileReference; lastKnownFileType = sourcecode.swift; path = SocketTestUITestsLaunchTests.swift; sourceTree = "<group>"; };
		ED8824DF2A914E5300F3F2B4 /* Info.plist */ = {isa = PBXFileReference; lastKnownFileType = text.plist; path = Info.plist; sourceTree = "<group>"; };
/* End PBXFileReference section */

/* Begin PBXFrameworksBuildPhase section */
		ED8824A62A91457100F3F2B4 /* Frameworks */ = {
			isa = PBXFrameworksBuildPhase;
			buildActionMask = 2147483647;
			files = (
				ED8824F42A9156D100F3F2B4 /* SocketIO in Frameworks */,
			);
			runOnlyForDeploymentPostprocessing = 0;
		};
		ED8824B72A91457200F3F2B4 /* Frameworks */ = {
			isa = PBXFrameworksBuildPhase;
			buildActionMask = 2147483647;
			files = (
			);
			runOnlyForDeploymentPostprocessing = 0;
		};
		ED8824C12A91457200F3F2B4 /* Frameworks */ = {
			isa = PBXFrameworksBuildPhase;
			buildActionMask = 2147483647;
			files = (
			);
			runOnlyForDeploymentPostprocessing = 0;
		};
/* End PBXFrameworksBuildPhase section */

/* Begin PBXGroup section */
		ED8824A02A91457100F3F2B4 = {
			isa = PBXGroup;
			children = (
				ED8824AB2A91457100F3F2B4 /* SocketTest */,
				ED8824BD2A91457200F3F2B4 /* SocketTestTests */,
				ED8824C72A91457200F3F2B4 /* SocketTestUITests */,
				ED8824AA2A91457100F3F2B4 /* Products */,
			);
			sourceTree = "<group>";
		};
		ED8824AA2A91457100F3F2B4 /* Products */ = {
			isa = PBXGroup;
			children = (
				ED8824A92A91457100F3F2B4 /* SocketTest.app */,
				ED8824BA2A91457200F3F2B4 /* SocketTestTests.xctest */,
				ED8824C42A91457200F3F2B4 /* SocketTestUITests.xctest */,
			);
			name = Products;
			sourceTree = "<group>";
		};
		ED8824AB2A91457100F3F2B4 /* SocketTest */ = {
			isa = PBXGroup;
			children = (
				ED8824DF2A914E5300F3F2B4 /* Info.plist */,
				ED8824AC2A91457100F3F2B4 /* SocketTestApp.swift */,
				ED8824AE2A91457100F3F2B4 /* ContentView.swift */,
				ED8824B02A91457200F3F2B4 /* Assets.xcassets */,
				ED8824B22A91457200F3F2B4 /* SocketTest.entitlements */,
				ED8824B32A91457200F3F2B4 /* Preview Content */,
			);
			path = SocketTest;
			sourceTree = "<group>";
		};
		ED8824B32A91457200F3F2B4 /* Preview Content */ = {
			isa = PBXGroup;
			children = (
				ED8824B42A91457200F3F2B4 /* Preview Assets.xcassets */,
			);
			path = "Preview Content";
			sourceTree = "<group>";
		};
		ED8824BD2A91457200F3F2B4 /* SocketTestTests */ = {
			isa = PBXGroup;
			children = (
				ED8824BE2A91457200F3F2B4 /* SocketTestTests.swift */,
			);
			path = SocketTestTests;
			sourceTree = "<group>";
		};
		ED8824C72A91457200F3F2B4 /* SocketTestUITests */ = {
			isa = PBXGroup;
			children = (
				ED8824C82A91457200F3F2B4 /* SocketTestUITests.swift */,
				ED8824CA2A91457200F3F2B4 /* SocketTestUITestsLaunchTests.swift */,
			);
			path = SocketTestUITests;
			sourceTree = "<group>";
		};
/* End PBXGroup section */

/* Begin PBXNativeTarget section */
		ED8824A82A91457100F3F2B4 /* SocketTest */ = {
			isa = PBXNativeTarget;
			buildConfigurationList = ED8824CE2A91457200F3F2B4 /* Build configuration list for PBXNativeTarget "SocketTest" */;
			buildPhases = (
				ED8824A52A91457100F3F2B4 /* Sources */,
				ED8824A62A91457100F3F2B4 /* Frameworks */,
				ED8824A72A91457100F3F2B4 /* Resources */,
			);
			buildRules = (
			);
			dependencies = (
			);
			name = SocketTest;
			packageProductDependencies = (
				ED8824F32A9156D100F3F2B4 /* SocketIO */,
			);
			productName = SocketTest;
			productReference = ED8824A92A91457100F3F2B4 /* SocketTest.app */;
			productType = "com.apple.product-type.application";
		};
		ED8824B92A91457200F3F2B4 /* SocketTestTests */ = {
			isa = PBXNativeTarget;
			buildConfigurationList = ED8824D12A91457200F3F2B4 /* Build configuration list for PBXNativeTarget "SocketTestTests" */;
			buildPhases = (
				ED8824B62A91457200F3F2B4 /* Sources */,
				ED8824B72A91457200F3F2B4 /* Frameworks */,
				ED8824B82A91457200F3F2B4 /* Resources */,
			);
			buildRules = (
			);
			dependencies = (
				ED8824BC2A91457200F3F2B4 /* PBXTargetDependency */,
			);
			name = SocketTestTests;
			productName = SocketTestTests;
			productReference = ED8824BA2A91457200F3F2B4 /* SocketTestTests.xctest */;
			productType = "com.apple.product-type.bundle.unit-test";
		};
		ED8824C32A91457200F3F2B4 /* SocketTestUITests */ = {
			isa = PBXNativeTarget;
			buildConfigurationList = ED8824D42A91457200F3F2B4 /* Build configuration list for PBXNativeTarget "SocketTestUITests" */;
			buildPhases = (
				ED8824C02A91457200F3F2B4 /* Sources */,
				ED8824C12A91457200F3F2B4 /* Frameworks */,
				ED8824C22A91457200F3F2B4 /* Resources */,
			);
			buildRules = (
			);
			dependencies = (
				ED8824C62A91457200F3F2B4 /* PBXTargetDependency */,
			);
			name = SocketTestUITests;
			productName = SocketTestUITests;
			productReference = ED8824C42A91457200F3F2B4 /* SocketTestUITests.xctest */;
			productType = "com.apple.product-type.bundle.ui-testing";
		};
/* End PBXNativeTarget section */

/* Begin PBXProject section */
		ED8824A12A91457100F3F2B4 /* Project object */ = {
			isa = PBXProject;
			attributes = {
				BuildIndependentTargetsInParallel = 1;
				LastSwiftUpdateCheck = 1430;
				LastUpgradeCheck = 1430;
				TargetAttributes = {
					ED8824A82A91457100F3F2B4 = {
						CreatedOnToolsVersion = 14.3.1;
					};
					ED8824B92A91457200F3F2B4 = {
						CreatedOnToolsVersion = 14.3.1;
						TestTargetID = ED8824A82A91457100F3F2B4;
					};
					ED8824C32A91457200F3F2B4 = {
						CreatedOnToolsVersion = 14.3.1;
						TestTargetID = ED8824A82A91457100F3F2B4;
					};
				};
			};
			buildConfigurationList = ED8824A42A91457100F3F2B4 /* Build configuration list for PBXProject "SocketTest" */;
			compatibilityVersion = "Xcode 14.0";
			developmentRegion = en;
			hasScannedForEncodings = 0;
			knownRegions = (
				en,
				Base,
			);
			mainGroup = ED8824A02A91457100F3F2B4;
			packageReferences = (
				ED8824F22A9156D100F3F2B4 /* XCRemoteSwiftPackageReference "socket" */,
			);
			productRefGroup = ED8824AA2A91457100F3F2B4 /* Products */;
			projectDirPath = "";
			projectRoot = "";
			targets = (
				ED8824A82A91457100F3F2B4 /* SocketTest */,
				ED8824B92A91457200F3F2B4 /* SocketTestTests */,
				ED8824C32A91457200F3F2B4 /* SocketTestUITests */,
			);
		};
/* End PBXProject section */

/* Begin PBXResourcesBuildPhase section */
		ED8824A72A91457100F3F2B4 /* Resources */ = {
			isa = PBXResourcesBuildPhase;
			buildActionMask = 2147483647;
			files = (
				ED8824B52A91457200F3F2B4 /* Preview Assets.xcassets in Resources */,
				ED8824B12A91457200F3F2B4 /* Assets.xcassets in Resources */,
			);
			runOnlyForDeploymentPostprocessing = 0;
		};
		ED8824B82A91457200F3F2B4 /* Resources */ = {
			isa = PBXResourcesBuildPhase;
			buildActionMask = 2147483647;
			files = (
			);
			runOnlyForDeploymentPostprocessing = 0;
		};
		ED8824C22A91457200F3F2B4 /* Resources */ = {
			isa = PBXResourcesBuildPhase;
			buildActionMask = 2147483647;
			files = (
			);
			runOnlyForDeploymentPostprocessing = 0;
		};
/* End PBXResourcesBuildPhase section */

/* Begin PBXSourcesBuildPhase section */
		ED8824A52A91457100F3F2B4 /* Sources */ = {
			isa = PBXSourcesBuildPhase;
			buildActionMask = 2147483647;
			files = (
				ED8824AF2A91457100F3F2B4 /* ContentView.swift in Sources */,
				ED8824AD2A91457100F3F2B4 /* SocketTestApp.swift in Sources */,
			);
			runOnlyForDeploymentPostprocessing = 0;
		};
		ED8824B62A91457200F3F2B4 /* Sources */ = {
			isa = PBXSourcesBuildPhase;
			buildActionMask = 2147483647;
			files = (
				ED8824BF2A91457200F3F2B4 /* SocketTestTests.swift in Sources */,
			);
			runOnlyForDeploymentPostprocessing = 0;
		};
		ED8824C02A91457200F3F2B4 /* Sources */ = {
			isa = PBXSourcesBuildPhase;
			buildActionMask = 2147483647;
			files = (
				ED8824C92A91457200F3F2B4 /* SocketTestUITests.swift in Sources */,
				ED8824CB2A91457200F3F2B4 /* SocketTestUITestsLaunchTests.swift in Sources */,
			);
			runOnlyForDeploymentPostprocessing = 0;
		};
/* End PBXSourcesBuildPhase section */

/* Begin PBXTargetDependency section */
		ED8824BC2A91457200F3F2B4 /* PBXTargetDependency */ = {
			isa = PBXTargetDependency;
			target = ED8824A82A91457100F3F2B4 /* SocketTest */;
			targetProxy = ED8824BB2A91457200F3F2B4 /* PBXContainerItemProxy */;
		};
		ED8824C62A91457200F3F2B4 /* PBXTargetDependency */ = {
			isa = PBXTargetDependency;
			target = ED8824A82A91457100F3F2B4 /* SocketTest */;
			targetProxy = ED8824C52A91457200F3F2B4 /* PBXContainerItemProxy */;
		};
/* End PBXTargetDependency section */

/* Begin XCBuildConfiguration section */
		ED8824CC2A91457200F3F2B4 /* Debug */ = {
			isa = XCBuildConfiguration;
			buildSettings = {
				ALWAYS_SEARCH_USER_PATHS = NO;
				CLANG_ANALYZER_NONNULL = YES;
				CLANG_ANALYZER_NUMBER_OBJECT_CONVERSION = YES_AGGRESSIVE;
				CLANG_CXX_LANGUAGE_STANDARD = "gnu++20";
				CLANG_ENABLE_MODULES = YES;
				CLANG_ENABLE_OBJC_ARC = YES;
				CLANG_ENABLE_OBJC_WEAK = YES;
				CLANG_WARN_BLOCK_CAPTURE_AUTORELEASING = YES;
				CLANG_WARN_BOOL_CONVERSION = YES;
				CLANG_WARN_COMMA = YES;
				CLANG_WARN_CONSTANT_CONVERSION = YES;
				CLANG_WARN_DEPRECATED_OBJC_IMPLEMENTATIONS = YES;
				CLANG_WARN_DIRECT_OBJC_ISA_USAGE = YES_ERROR;
				CLANG_WARN_DOCUMENTATION_COMMENTS = YES;
				CLANG_WARN_EMPTY_BODY = YES;
				CLANG_WARN_ENUM_CONVERSION = YES;
				CLANG_WARN_INFINITE_RECURSION = YES;
				CLANG_WARN_INT_CONVERSION = YES;
				CLANG_WARN_NON_LITERAL_NULL_CONVERSION = YES;
				CLANG_WARN_OBJC_IMPLICIT_RETAIN_SELF = YES;
				CLANG_WARN_OBJC_LITERAL_CONVERSION = YES;
				CLANG_WARN_OBJC_ROOT_CLASS = YES_ERROR;
				CLANG_WARN_QUOTED_INCLUDE_IN_FRAMEWORK_HEADER = YES;
				CLANG_WARN_RANGE_LOOP_ANALYSIS = YES;
				CLANG_WARN_STRICT_PROTOTYPES = YES;
				CLANG_WARN_SUSPICIOUS_MOVE = YES;
				CLANG_WARN_UNGUARDED_AVAILABILITY = YES_AGGRESSIVE;
				CLANG_WARN_UNREACHABLE_CODE = YES;
				CLANG_WARN__DUPLICATE_METHOD_MATCH = YES;
				COPY_PHASE_STRIP = NO;
				DEBUG_INFORMATION_FORMAT = dwarf;
				ENABLE_STRICT_OBJC_MSGSEND = YES;
				ENABLE_TESTABILITY = YES;
				GCC_C_LANGUAGE_STANDARD = gnu11;
				GCC_DYNAMIC_NO_PIC = NO;
				GCC_NO_COMMON_BLOCKS = YES;
				GCC_OPTIMIZATION_LEVEL = 0;
				GCC_PREPROCESSOR_DEFINITIONS = (
					"DEBUG=1",
					"$(inherited)",
				);
				GCC_WARN_64_TO_32_BIT_CONVERSION = YES;
				GCC_WARN_ABOUT_RETURN_TYPE = YES_ERROR;
				GCC_WARN_UNDECLARED_SELECTOR = YES;
				GCC_WARN_UNINITIALIZED_AUTOS = YES_AGGRESSIVE;
				GCC_WARN_UNUSED_FUNCTION = YES;
				GCC_WARN_UNUSED_VARIABLE = YES;
				MTL_ENABLE_DEBUG_INFO = INCLUDE_SOURCE;
				MTL_FAST_MATH = YES;
				ONLY_ACTIVE_ARCH = YES;
				SWIFT_ACTIVE_COMPILATION_CONDITIONS = DEBUG;
				SWIFT_OPTIMIZATION_LEVEL = "-Onone";
			};
			name = Debug;
		};
		ED8824CD2A91457200F3F2B4 /* Release */ = {
			isa = XCBuildConfiguration;
			buildSettings = {
				ALWAYS_SEARCH_USER_PATHS = NO;
				CLANG_ANALYZER_NONNULL = YES;
				CLANG_ANALYZER_NUMBER_OBJECT_CONVERSION = YES_AGGRESSIVE;
				CLANG_CXX_LANGUAGE_STANDARD = "gnu++20";
				CLANG_ENABLE_MODULES = YES;
				CLANG_ENABLE_OBJC_ARC = YES;
				CLANG_ENABLE_OBJC_WEAK = YES;
				CLANG_WARN_BLOCK_CAPTURE_AUTORELEASING = YES;
				CLANG_WARN_BOOL_CONVERSION = YES;
				CLANG_WARN_COMMA = YES;
				CLANG_WARN_CONSTANT_CONVERSION = YES;
				CLANG_WARN_DEPRECATED_OBJC_IMPLEMENTATIONS = YES;
				CLANG_WARN_DIRECT_OBJC_ISA_USAGE = YES_ERROR;
				CLANG_WARN_DOCUMENTATION_COMMENTS = YES;
				CLANG_WARN_EMPTY_BODY = YES;
				CLANG_WARN_ENUM_CONVERSION = YES;
				CLANG_WARN_INFINITE_RECURSION = YES;
				CLANG_WARN_INT_CONVERSION = YES;
				CLANG_WARN_NON_LITERAL_NULL_CONVERSION = YES;
				CLANG_WARN_OBJC_IMPLICIT_RETAIN_SELF = YES;
				CLANG_WARN_OBJC_LITERAL_CONVERSION = YES;
				CLANG_WARN_OBJC_ROOT_CLASS = YES_ERROR;
				CLANG_WARN_QUOTED_INCLUDE_IN_FRAMEWORK_HEADER = YES;
				CLANG_WARN_RANGE_LOOP_ANALYSIS = YES;
				CLANG_WARN_STRICT_PROTOTYPES = YES;
				CLANG_WARN_SUSPICIOUS_MOVE = YES;
				CLANG_WARN_UNGUARDED_AVAILABILITY = YES_AGGRESSIVE;
				CLANG_WARN_UNREACHABLE_CODE = YES;
				CLANG_WARN__DUPLICATE_METHOD_MATCH = YES;
				COPY_PHASE_STRIP = NO;
				DEBUG_INFORMATION_FORMAT = "dwarf-with-dsym";
				ENABLE_NS_ASSERTIONS = NO;
				ENABLE_STRICT_OBJC_MSGSEND = YES;
				GCC_C_LANGUAGE_STANDARD = gnu11;
				GCC_NO_COMMON_BLOCKS = YES;
				GCC_WARN_64_TO_32_BIT_CONVERSION = YES;
				GCC_WARN_ABOUT_RETURN_TYPE = YES_ERROR;
				GCC_WARN_UNDECLARED_SELECTOR = YES;
				GCC_WARN_UNINITIALIZED_AUTOS = YES_AGGRESSIVE;
				GCC_WARN_UNUSED_FUNCTION = YES;
				GCC_WARN_UNUSED_VARIABLE = YES;
				MTL_ENABLE_DEBUG_INFO = NO;
				MTL_FAST_MATH = YES;
				SWIFT_COMPILATION_MODE = wholemodule;
				SWIFT_OPTIMIZATION_LEVEL = "-O";
			};
			name = Release;
		};
		ED8824CF2A91457200F3F2B4 /* Debug */ = {
			isa = XCBuildConfiguration;
			buildSettings = {
				ASSETCATALOG_COMPILER_APPICON_NAME = AppIcon;
				ASSETCATALOG_COMPILER_GLOBAL_ACCENT_COLOR_NAME = AccentColor;
				CODE_SIGN_ENTITLEMENTS = SocketTest/SocketTest.entitlements;
				CODE_SIGN_STYLE = Automatic;
				CURRENT_PROJECT_VERSION = 1;
				DEVELOPMENT_ASSET_PATHS = "\"SocketTest/Preview Content\"";
				DEVELOPMENT_TEAM = ZBV7XJY8S3;
				ENABLE_HARDENED_RUNTIME = YES;
				ENABLE_PREVIEWS = YES;
				GENERATE_INFOPLIST_FILE = YES;
				INFOPLIST_FILE = SocketTest/Info.plist;
				"INFOPLIST_KEY_UIApplicationSceneManifest_Generation[sdk=iphoneos*]" = YES;
				"INFOPLIST_KEY_UIApplicationSceneManifest_Generation[sdk=iphonesimulator*]" = YES;
				"INFOPLIST_KEY_UIApplicationSupportsIndirectInputEvents[sdk=iphoneos*]" = YES;
				"INFOPLIST_KEY_UIApplicationSupportsIndirectInputEvents[sdk=iphonesimulator*]" = YES;
				"INFOPLIST_KEY_UILaunchScreen_Generation[sdk=iphoneos*]" = YES;
				"INFOPLIST_KEY_UILaunchScreen_Generation[sdk=iphonesimulator*]" = YES;
				"INFOPLIST_KEY_UIStatusBarStyle[sdk=iphoneos*]" = UIStatusBarStyleDefault;
				"INFOPLIST_KEY_UIStatusBarStyle[sdk=iphonesimulator*]" = UIStatusBarStyleDefault;
				INFOPLIST_KEY_UISupportedInterfaceOrientations_iPad = "UIInterfaceOrientationPortrait UIInterfaceOrientationPortraitUpsideDown UIInterfaceOrientationLandscapeLeft UIInterfaceOrientationLandscapeRight";
				INFOPLIST_KEY_UISupportedInterfaceOrientations_iPhone = "UIInterfaceOrientationPortrait UIInterfaceOrientationLandscapeLeft UIInterfaceOrientationLandscapeRight";
				IPHONEOS_DEPLOYMENT_TARGET = 16.4;
				LD_RUNPATH_SEARCH_PATHS = "@executable_path/Frameworks";
				"LD_RUNPATH_SEARCH_PATHS[sdk=macosx*]" = "@executable_path/../Frameworks";
				MACOSX_DEPLOYMENT_TARGET = 13.3;
				MARKETING_VERSION = 1.0;
				PRODUCT_BUNDLE_IDENTIFIER = alecarmo.SocketTest;
				PRODUCT_NAME = "$(TARGET_NAME)";
				SDKROOT = auto;
				SUPPORTED_PLATFORMS = "iphoneos iphonesimulator macosx";
				SWIFT_EMIT_LOC_STRINGS = YES;
				SWIFT_VERSION = 5.0;
				TARGETED_DEVICE_FAMILY = "1,2";
			};
			name = Debug;
		};
		ED8824D02A91457200F3F2B4 /* Release */ = {
			isa = XCBuildConfiguration;
			buildSettings = {
				ASSETCATALOG_COMPILER_APPICON_NAME = AppIcon;
				ASSETCATALOG_COMPILER_GLOBAL_ACCENT_COLOR_NAME = AccentColor;
				CODE_SIGN_ENTITLEMENTS = SocketTest/SocketTest.entitlements;
				CODE_SIGN_STYLE = Automatic;
				CURRENT_PROJECT_VERSION = 1;
				DEVELOPMENT_ASSET_PATHS = "\"SocketTest/Preview Content\"";
				DEVELOPMENT_TEAM = ZBV7XJY8S3;
				ENABLE_HARDENED_RUNTIME = YES;
				ENABLE_PREVIEWS = YES;
				GENERATE_INFOPLIST_FILE = YES;
				INFOPLIST_FILE = SocketTest/Info.plist;
				"INFOPLIST_KEY_UIApplicationSceneManifest_Generation[sdk=iphoneos*]" = YES;
				"INFOPLIST_KEY_UIApplicationSceneManifest_Generation[sdk=iphonesimulator*]" = YES;
				"INFOPLIST_KEY_UIApplicationSupportsIndirectInputEvents[sdk=iphoneos*]" = YES;
				"INFOPLIST_KEY_UIApplicationSupportsIndirectInputEvents[sdk=iphonesimulator*]" = YES;
				"INFOPLIST_KEY_UILaunchScreen_Generation[sdk=iphoneos*]" = YES;
				"INFOPLIST_KEY_UILaunchScreen_Generation[sdk=iphonesimulator*]" = YES;
				"INFOPLIST_KEY_UIStatusBarStyle[sdk=iphoneos*]" = UIStatusBarStyleDefault;
				"INFOPLIST_KEY_UIStatusBarStyle[sdk=iphonesimulator*]" = UIStatusBarStyleDefault;
				INFOPLIST_KEY_UISupportedInterfaceOrientations_iPad = "UIInterfaceOrientationPortrait UIInterfaceOrientationPortraitUpsideDown UIInterfaceOrientationLandscapeLeft UIInterfaceOrientationLandscapeRight";
				INFOPLIST_KEY_UISupportedInterfaceOrientations_iPhone = "UIInterfaceOrientationPortrait UIInterfaceOrientationLandscapeLeft UIInterfaceOrientationLandscapeRight";
				IPHONEOS_DEPLOYMENT_TARGET = 16.4;
				LD_RUNPATH_SEARCH_PATHS = "@executable_path/Frameworks";
				"LD_RUNPATH_SEARCH_PATHS[sdk=macosx*]" = "@executable_path/../Frameworks";
				MACOSX_DEPLOYMENT_TARGET = 13.3;
				MARKETING_VERSION = 1.0;
				PRODUCT_BUNDLE_IDENTIFIER = alecarmo.SocketTest;
				PRODUCT_NAME = "$(TARGET_NAME)";
				SDKROOT = auto;
				SUPPORTED_PLATFORMS = "iphoneos iphonesimulator macosx";
				SWIFT_EMIT_LOC_STRINGS = YES;
				SWIFT_VERSION = 5.0;
				TARGETED_DEVICE_FAMILY = "1,2";
			};
			name = Release;
		};
		ED8824D22A91457200F3F2B4 /* Debug */ = {
			isa = XCBuildConfiguration;
			buildSettings = {
				ALWAYS_EMBED_SWIFT_STANDARD_LIBRARIES = YES;
				BUNDLE_LOADER = "$(TEST_HOST)";
				CODE_SIGN_STYLE = Automatic;
				CURRENT_PROJECT_VERSION = 1;
				DEVELOPMENT_TEAM = ZBV7XJY8S3;
				GENERATE_INFOPLIST_FILE = YES;
				IPHONEOS_DEPLOYMENT_TARGET = 16.4;
				MACOSX_DEPLOYMENT_TARGET = 13.3;
				MARKETING_VERSION = 1.0;
				PRODUCT_BUNDLE_IDENTIFIER = alecarmo.SocketTestTests;
				PRODUCT_NAME = "$(TARGET_NAME)";
				SDKROOT = auto;
				SUPPORTED_PLATFORMS = "iphoneos iphonesimulator macosx";
				SWIFT_EMIT_LOC_STRINGS = NO;
				SWIFT_VERSION = 5.0;
				TARGETED_DEVICE_FAMILY = "1,2";
				TEST_HOST = "$(BUILT_PRODUCTS_DIR)/SocketTest.app/$(BUNDLE_EXECUTABLE_FOLDER_PATH)/SocketTest";
			};
			name = Debug;
		};
		ED8824D32A91457200F3F2B4 /* Release */ = {
			isa = XCBuildConfiguration;
			buildSettings = {
				ALWAYS_EMBED_SWIFT_STANDARD_LIBRARIES = YES;
				BUNDLE_LOADER = "$(TEST_HOST)";
				CODE_SIGN_STYLE = Automatic;
				CURRENT_PROJECT_VERSION = 1;
				DEVELOPMENT_TEAM = ZBV7XJY8S3;
				GENERATE_INFOPLIST_FILE = YES;
				IPHONEOS_DEPLOYMENT_TARGET = 16.4;
				MACOSX_DEPLOYMENT_TARGET = 13.3;
				MARKETING_VERSION = 1.0;
				PRODUCT_BUNDLE_IDENTIFIER = alecarmo.SocketTestTests;
				PRODUCT_NAME = "$(TARGET_NAME)";
				SDKROOT = auto;
				SUPPORTED_PLATFORMS = "iphoneos iphonesimulator macosx";
				SWIFT_EMIT_LOC_STRINGS = NO;
				SWIFT_VERSION = 5.0;
				TARGETED_DEVICE_FAMILY = "1,2";
				TEST_HOST = "$(BUILT_PRODUCTS_DIR)/SocketTest.app/$(BUNDLE_EXECUTABLE_FOLDER_PATH)/SocketTest";
			};
			name = Release;
		};
		ED8824D52A91457200F3F2B4 /* Debug */ = {
			isa = XCBuildConfiguration;
			buildSettings = {
				ALWAYS_EMBED_SWIFT_STANDARD_LIBRARIES = YES;
				CODE_SIGN_STYLE = Automatic;
				CURRENT_PROJECT_VERSION = 1;
				DEVELOPMENT_TEAM = ZBV7XJY8S3;
				GENERATE_INFOPLIST_FILE = YES;
				IPHONEOS_DEPLOYMENT_TARGET = 16.4;
				MACOSX_DEPLOYMENT_TARGET = 13.3;
				MARKETING_VERSION = 1.0;
				PRODUCT_BUNDLE_IDENTIFIER = alecarmo.SocketTestUITests;
				PRODUCT_NAME = "$(TARGET_NAME)";
				SDKROOT = auto;
				SUPPORTED_PLATFORMS = "iphoneos iphonesimulator macosx";
				SWIFT_EMIT_LOC_STRINGS = NO;
				SWIFT_VERSION = 5.0;
				TARGETED_DEVICE_FAMILY = "1,2";
				TEST_TARGET_NAME = SocketTest;
			};
			name = Debug;
		};
		ED8824D62A91457200F3F2B4 /* Release */ = {
			isa = XCBuildConfiguration;
			buildSettings = {
				ALWAYS_EMBED_SWIFT_STANDARD_LIBRARIES = YES;
				CODE_SIGN_STYLE = Automatic;
				CURRENT_PROJECT_VERSION = 1;
				DEVELOPMENT_TEAM = ZBV7XJY8S3;
				GENERATE_INFOPLIST_FILE = YES;
				IPHONEOS_DEPLOYMENT_TARGET = 16.4;
				MACOSX_DEPLOYMENT_TARGET = 13.3;
				MARKETING_VERSION = 1.0;
				PRODUCT_BUNDLE_IDENTIFIER = alecarmo.SocketTestUITests;
				PRODUCT_NAME = "$(TARGET_NAME)";
				SDKROOT = auto;
				SUPPORTED_PLATFORMS = "iphoneos iphonesimulator macosx";
				SWIFT_EMIT_LOC_STRINGS = NO;
				SWIFT_VERSION = 5.0;
				TARGETED_DEVICE_FAMILY = "1,2";
				TEST_TARGET_NAME = SocketTest;
			};
			name = Release;
		};
/* End XCBuildConfiguration section */

/* Begin XCConfigurationList section */
		ED8824A42A91457100F3F2B4 /* Build configuration list for PBXProject "SocketTest" */ = {
			isa = XCConfigurationList;
			buildConfigurations = (
				ED8824CC2A91457200F3F2B4 /* Debug */,
				ED8824CD2A91457200F3F2B4 /* Release */,
			);
			defaultConfigurationIsVisible = 0;
			defaultConfigurationName = Release;
		};
		ED8824CE2A91457200F3F2B4 /* Build configuration list for PBXNativeTarget "SocketTest" */ = {
			isa = XCConfigurationList;
			buildConfigurations = (
				ED8824CF2A91457200F3F2B4 /* Debug */,
				ED8824D02A91457200F3F2B4 /* Release */,
			);
			defaultConfigurationIsVisible = 0;
			defaultConfigurationName = Release;
		};
		ED8824D12A91457200F3F2B4 /* Build configuration list for PBXNativeTarget "SocketTestTests" */ = {
			isa = XCConfigurationList;
			buildConfigurations = (
				ED8824D22A91457200F3F2B4 /* Debug */,
				ED8824D32A91457200F3F2B4 /* Release */,
			);
			defaultConfigurationIsVisible = 0;
			defaultConfigurationName = Release;
		};
		ED8824D42A91457200F3F2B4 /* Build configuration list for PBXNativeTarget "SocketTestUITests" */ = {
			isa = XCConfigurationList;
			buildConfigurations = (
				ED8824D52A91457200F3F2B4 /* Debug */,
				ED8824D62A91457200F3F2B4 /* Release */,
			);
			defaultConfigurationIsVisible = 0;
			defaultConfigurationName = Release;
		};
/* End XCConfigurationList section */

/* Begin XCRemoteSwiftPackageReference section */
		ED8824F22A9156D100F3F2B4 /* XCRemoteSwiftPackageReference "socket" */ = {
			isa = XCRemoteSwiftPackageReference;
			repositoryURL = "https://github.com/socketio/socket.io-client-swift";
			requirement = {
				kind = exactVersion;
				version = 15.2.0;
			};
		};
/* End XCRemoteSwiftPackageReference section */

/* Begin XCSwiftPackageProductDependency section */
		ED8824F32A9156D100F3F2B4 /* SocketIO */ = {
			isa = XCSwiftPackageProductDependency;
			package = ED8824F22A9156D100F3F2B4 /* XCRemoteSwiftPackageReference "socket" */;
			productName = SocketIO;
		};
/* End XCSwiftPackageProductDependency section */
	};
	rootObject = ED8824A12A91457100F3F2B4 /* Project object */;
}
